
Microsoft Visual Studio Solution File, Format Version 12.00
# Visual Studio Version 17
VisualStudioVersion = 17.4.33403.182
MinimumVisualStudioVersion = 10.0.40219.1
Project("{FAE04EC0-301F-11D3-BF4B-00C04F79EFBC}") = "Lab6", "Lab6.csproj", "{8BC97B9A-D733-45D3-A94B-98F49E68E67B}"
EndProject
Global
	GlobalSection(SolutionConfigurationPlatforms) = preSolution
		Debug|Any CPU = Debug|Any CPU
		Release|Any CPU = Release|Any CPU
	EndGlobalSection
	GlobalSection(ProjectConfigurationPlatforms) = postSolution
		{8BC97B9A-D733-45D3-A94B-98F49E68E67B}.Debug|Any CPU.ActiveCfg = Debug|Any CPU
		{8BC97B9A-D733-45D3-A94B-98F49E68E67B}.Debug|Any CPU.Build.0 = Debug|Any CPU
		{8BC97B9A-D733-45D3-A94B-98F49E68E67B}.Release|Any CPU.ActiveCfg = Release|Any CPU
		{8BC97B9A-D733-45D3-A94B-98F49E68E67B}.Release|Any CPU.Build.0 = Release|Any CPU
	EndGlobalSection
	GlobalSection(SolutionProperties) = preSolution
		HideSolutionNode = FALSE
	EndGlobalSection
	GlobalSection(ExtensibilityGlobals) = postSolution
		SolutionGuid = {640A1985-8B4A-4D1F-8DB7-438F39073C2E}
	EndGlobalSection
EndGlobal
